{
  "pins" : [
    {
      "identity" : "mockingkit",
      "kind" : "remoteSourceControl",
      "location" : "https://github.com/danielsaidi/MockingKit.git",
      "state" : {
        "revision" : "4967086efeb95d5e5dc33709307bf6bacdcfab63",
        "version" : "1.4.0"
      }
    }
  ],
  "version" : 2
}
